// !$*UTF8*$!
{
	archiveVersion = 1;
	classes = {
	};
	objectVersion = 56;
	objects = {

/* Begin PBXBuildFile section */
		D70515A42C45F2CC00AAFBC1 /* Tip_DivApp.swift in Sources */ = {isa = PBXBuildFile; fileRef = D70515A32C45F2CC00AAFBC1 /* Tip_DivApp.swift */; };
		D70515A62C45F2CC00AAFBC1 /* ContentView.swift in Sources */ = {isa = PBXBuildFile; fileRef = D70515A52C45F2CC00AAFBC1 /* ContentView.swift */; };
		D70515A82C45F2CD00AAFBC1 /* Assets.xcassets in Resources */ = {isa = PBXBuildFile; fileRef = D70515A72C45F2CD00AAFBC1 /* Assets.xcassets */; };
		D70515AB2C45F2CD00AAFBC1 /* Preview Assets.xcassets in Resources */ = {isa = PBXBuildFile; fileRef = D70515AA2C45F2CD00AAFBC1 /* Preview Assets.xcassets */; };
		D70515BA2C45F40F00AAFBC1 /* AdminView.swift in Sources */ = {isa = PBXBuildFile; fileRef = D70515B92C45F40F00AAFBC1 /* AdminView.swift */; };
		D70515BC2C45F44400AAFBC1 /* StaffView.swift in Sources */ = {isa = PBXBuildFile; fileRef = D70515BB2C45F44400AAFBC1 /* StaffView.swift */; };
		D70515BE2C45F48E00AAFBC1 /* LoginView.swift in Sources */ = {isa = PBXBuildFile; fileRef = D70515BD2C45F48E00AAFBC1 /* LoginView.swift */; };
		D70515C02C45F6C200AAFBC1 /* CalculateTipView.swift in Sources */ = {isa = PBXBuildFile; fileRef = D70515BF2C45F6C200AAFBC1 /* CalculateTipView.swift */; };
		D70515C22C45F76C00AAFBC1 /* AddNewStaffView.swift in Sources */ = {isa = PBXBuildFile; fileRef = D70515C12C45F76C00AAFBC1 /* AddNewStaffView.swift */; };
		D70515C42C45FAAB00AAFBC1 /* StaffManager.swift in Sources */ = {isa = PBXBuildFile; fileRef = D70515C32C45FAAB00AAFBC1 /* StaffManager.swift */; };
		D70515E42C486A7500AAFBC1 /* Model.swift in Sources */ = {isa = PBXBuildFile; fileRef = D70515E32C486A7500AAFBC1 /* Model.swift */; };
		D70515EC2C4AD45500AAFBC1 /* EditTipHistoryView.swift in Sources */ = {isa = PBXBuildFile; fileRef = D70515EB2C4AD45500AAFBC1 /* EditTipHistoryView.swift */; };
/* End PBXBuildFile section */

/* Begin PBXFileReference section */
		D70515A02C45F2CC00AAFBC1 /* Tip Div.app */ = {isa = PBXFileReference; explicitFileType = wrapper.application; includeInIndex = 0; path = "Tip Div.app"; sourceTree = BUILT_PRODUCTS_DIR; };
		D70515A32C45F2CC00AAFBC1 /* Tip_DivApp.swift */ = {isa = PBXFileReference; lastKnownFileType = sourcecode.swift; path = Tip_DivApp.swift; sourceTree = "<group>"; };
		D70515A52C45F2CC00AAFBC1 /* ContentView.swift */ = {isa = PBXFileReference; lastKnownFileType = sourcecode.swift; path = ContentView.swift; sourceTree = "<group>"; };
		D70515A72C45F2CD00AAFBC1 /* Assets.xcassets */ = {isa = PBXFileReference; lastKnownFileType = folder.assetcatalog; path = Assets.xcassets; sourceTree = "<group>"; };
		D70515AA2C45F2CD00AAFBC1 /* Preview Assets.xcassets */ = {isa = PBXFileReference; lastKnownFileType = folder.assetcatalog; path = "Preview Assets.xcassets"; sourceTree = "<group>"; };
		D70515B92C45F40F00AAFBC1 /* AdminView.swift */ = {isa = PBXFileReference; lastKnownFileType = sourcecode.swift; path = AdminView.swift; sourceTree = "<group>"; };
		D70515BB2C45F44400AAFBC1 /* StaffView.swift */ = {isa = PBXFileReference; lastKnownFileType = sourcecode.swift; path = StaffView.swift; sourceTree = "<group>"; };
		D70515BD2C45F48E00AAFBC1 /* LoginView.swift */ = {isa = PBXFileReference; lastKnownFileType = sourcecode.swift; path = LoginView.swift; sourceTree = "<group>"; };
		D70515BF2C45F6C200AAFBC1 /* CalculateTipView.swift */ = {isa = PBXFileReference; lastKnownFileType = sourcecode.swift; path = CalculateTipView.swift; sourceTree = "<group>"; };
		D70515C12C45F76C00AAFBC1 /* AddNewStaffView.swift */ = {isa = PBXFileReference; lastKnownFileType = sourcecode.swift; path = AddNewStaffView.swift; sourceTree = "<group>"; };
		D70515C32C45FAAB00AAFBC1 /* StaffManager.swift */ = {isa = PBXFileReference; lastKnownFileType = sourcecode.swift; path = StaffManager.swift; sourceTree = "<group>"; };
		D70515E32C486A7500AAFBC1 /* Model.swift */ = {isa = PBXFileReference; lastKnownFileType = sourcecode.swift; path = Model.swift; sourceTree = "<group>"; };
		D70515EB2C4AD45500AAFBC1 /* EditTipHistoryView.swift */ = {isa = PBXFileReference; lastKnownFileType = sourcecode.swift; path = EditTipHistoryView.swift; sourceTree = "<group>"; };
/* End PBXFileReference section */

/* Begin PBXFrameworksBuildPhase section */
		D705159D2C45F2CC00AAFBC1 /* Frameworks */ = {
			isa = PBXFrameworksBuildPhase;
			buildActionMask = 2147483647;
			files = (
			);
			runOnlyForDeploymentPostprocessing = 0;
		};
/* End PBXFrameworksBuildPhase section */

/* Begin PBXGroup section */
		D70515972C45F2CC00AAFBC1 = {
			isa = PBXGroup;
			children = (
				D70515A22C45F2CC00AAFBC1 /* Tip Div */,
				D70515A12C45F2CC00AAFBC1 /* Products */,
			);
			sourceTree = "<group>";
		};
		D70515A12C45F2CC00AAFBC1 /* Products */ = {
			isa = PBXGroup;
			children = (
				D70515A02C45F2CC00AAFBC1 /* Tip Div.app */,
			);
			name = Products;
			sourceTree = "<group>";
		};
		D70515A22C45F2CC00AAFBC1 /* Tip Div */ = {
			isa = PBXGroup;
			children = (
				D70515BD2C45F48E00AAFBC1 /* LoginView.swift */,
				D70515E32C486A7500AAFBC1 /* Model.swift */,
				D70515B92C45F40F00AAFBC1 /* AdminView.swift */,
				D70515BB2C45F44400AAFBC1 /* StaffView.swift */,
				D70515A52C45F2CC00AAFBC1 /* ContentView.swift */,
				D70515C32C45FAAB00AAFBC1 /* StaffManager.swift */,
				D70515EB2C4AD45500AAFBC1 /* EditTipHistoryView.swift */,
				D70515C12C45F76C00AAFBC1 /* AddNewStaffView.swift */,
				D70515BF2C45F6C200AAFBC1 /* CalculateTipView.swift */,
				D70515A32C45F2CC00AAFBC1 /* Tip_DivApp.swift */,
				D70515A72C45F2CD00AAFBC1 /* Assets.xcassets */,
				D70515A92C45F2CD00AAFBC1 /* Preview Content */,
			);
			path = "Tip Div";
			sourceTree = "<group>";
		};
		D70515A92C45F2CD00AAFBC1 /* Preview Content */ = {
			isa = PBXGroup;
			children = (
				D70515AA2C45F2CD00AAFBC1 /* Preview Assets.xcassets */,
			);
			path = "Preview Content";
			sourceTree = "<group>";
		};
/* End PBXGroup section */

/* Begin PBXNativeTarget section */
		D705159F2C45F2CC00AAFBC1 /* Tip Div */ = {
			isa = PBXNativeTarget;
			buildConfigurationList = D70515AE2C45F2CD00AAFBC1 /* Build configuration list for PBXNativeTarget "Tip Div" */;
			buildPhases = (
				D705159C2C45F2CC00AAFBC1 /* Sources */,
				D705159D2C45F2CC00AAFBC1 /* Frameworks */,
				D705159E2C45F2CC00AAFBC1 /* Resources */,
			);
			buildRules = (
			);
			dependencies = (
			);
			name = "Tip Div";
			productName = "Tip Div";
			productReference = D70515A02C45F2CC00AAFBC1 /* Tip Div.app */;
			productType = "com.apple.product-type.application";
		};
/* End PBXNativeTarget section */

/* Begin PBXProject section */
		D70515982C45F2CC00AAFBC1 /* Project object */ = {
			isa = PBXProject;
			attributes = {
				BuildIndependentTargetsInParallel = 1;
				LastSwiftUpdateCheck = 1540;
				LastUpgradeCheck = 1540;
				TargetAttributes = {
					D705159F2C45F2CC00AAFBC1 = {
						CreatedOnToolsVersion = 15.4;
					};
				};
			};
			buildConfigurationList = D705159B2C45F2CC00AAFBC1 /* Build configuration list for PBXProject "Tip Div" */;
			compatibilityVersion = "Xcode 14.0";
			developmentRegion = en;
			hasScannedForEncodings = 0;
			knownRegions = (
				en,
				Base,
			);
			mainGroup = D70515972C45F2CC00AAFBC1;
			productRefGroup = D70515A12C45F2CC00AAFBC1 /* Products */;
			projectDirPath = "";
			projectRoot = "";
			targets = (
				D705159F2C45F2CC00AAFBC1 /* Tip Div */,
			);
		};
/* End PBXProject section */

/* Begin PBXResourcesBuildPhase section */
		D705159E2C45F2CC00AAFBC1 /* Resources */ = {
			isa = PBXResourcesBuildPhase;
			buildActionMask = 2147483647;
			files = (
				D70515AB2C45F2CD00AAFBC1 /* Preview Assets.xcassets in Resources */,
				D70515A82C45F2CD00AAFBC1 /* Assets.xcassets in Resources */,
			);
			runOnlyForDeploymentPostprocessing = 0;
		};
/* End PBXResourcesBuildPhase section */

/* Begin PBXSourcesBuildPhase section */
		D705159C2C45F2CC00AAFBC1 /* Sources */ = {
			isa = PBXSourcesBuildPhase;
			buildActionMask = 2147483647;
			files = (
				D70515BE2C45F48E00AAFBC1 /* LoginView.swift in Sources */,
				D70515EC2C4AD45500AAFBC1 /* EditTipHistoryView.swift in Sources */,
				D70515C22C45F76C00AAFBC1 /* AddNewStaffView.swift in Sources */,
				D70515C02C45F6C200AAFBC1 /* CalculateTipView.swift in Sources */,
				D70515C42C45FAAB00AAFBC1 /* StaffManager.swift in Sources */,
				D70515BC2C45F44400AAFBC1 /* StaffView.swift in Sources */,
				D70515E42C486A7500AAFBC1 /* Model.swift in Sources */,
				D70515A62C45F2CC00AAFBC1 /* ContentView.swift in Sources */,
				D70515BA2C45F40F00AAFBC1 /* AdminView.swift in Sources */,
				D70515A42C45F2CC00AAFBC1 /* Tip_DivApp.swift in Sources */,
			);
			runOnlyForDeploymentPostprocessing = 0;
		};
/* End PBXSourcesBuildPhase section */

/* Begin XCBuildConfiguration section */
		D70515AC2C45F2CD00AAFBC1 /* Debug */ = {
			isa = XCBuildConfiguration;
			buildSettings = {
				ALWAYS_SEARCH_USER_PATHS = NO;
				ASSETCATALOG_COMPILER_GENERATE_SWIFT_ASSET_SYMBOL_EXTENSIONS = YES;
				CLANG_ANALYZER_NONNULL = YES;
				CLANG_ANALYZER_NUMBER_OBJECT_CONVERSION = YES_AGGRESSIVE;
				CLANG_CXX_LANGUAGE_STANDARD = "gnu++20";
				CLANG_ENABLE_MODULES = YES;
				CLANG_ENABLE_OBJC_ARC = YES;
				CLANG_ENABLE_OBJC_WEAK = YES;
				CLANG_WARN_BLOCK_CAPTURE_AUTORELEASING = YES;
				CLANG_WARN_BOOL_CONVERSION = YES;
				CLANG_WARN_COMMA = YES;
				CLANG_WARN_CONSTANT_CONVERSION = YES;
				CLANG_WARN_DEPRECATED_OBJC_IMPLEMENTATIONS = YES;
				CLANG_WARN_DIRECT_OBJC_ISA_USAGE = YES_ERROR;
				CLANG_WARN_DOCUMENTATION_COMMENTS = YES;
				CLANG_WARN_EMPTY_BODY = YES;
				CLANG_WARN_ENUM_CONVERSION = YES;
				CLANG_WARN_INFINITE_RECURSION = YES;
				CLANG_WARN_INT_CONVERSION = YES;
				CLANG_WARN_NON_LITERAL_NULL_CONVERSION = YES;
				CLANG_WARN_OBJC_IMPLICIT_RETAIN_SELF = YES;
				CLANG_WARN_OBJC_LITERAL_CONVERSION = YES;
				CLANG_WARN_OBJC_ROOT_CLASS = YES_ERROR;
				CLANG_WARN_QUOTED_INCLUDE_IN_FRAMEWORK_HEADER = YES;
				CLANG_WARN_RANGE_LOOP_ANALYSIS = YES;
				CLANG_WARN_STRICT_PROTOTYPES = YES;
				CLANG_WARN_SUSPICIOUS_MOVE = YES;
				CLANG_WARN_UNGUARDED_AVAILABILITY = YES_AGGRESSIVE;
				CLANG_WARN_UNREACHABLE_CODE = YES;
				CLANG_WARN__DUPLICATE_METHOD_MATCH = YES;
				COPY_PHASE_STRIP = NO;
				DEBUG_INFORMATION_FORMAT = dwarf;
				ENABLE_STRICT_OBJC_MSGSEND = YES;
				ENABLE_TESTABILITY = YES;
				ENABLE_USER_SCRIPT_SANDBOXING = YES;
				GCC_C_LANGUAGE_STANDARD = gnu17;
				GCC_DYNAMIC_NO_PIC = NO;
				GCC_NO_COMMON_BLOCKS = YES;
				GCC_OPTIMIZATION_LEVEL = 0;
				GCC_PREPROCESSOR_DEFINITIONS = (
					"DEBUG=1",
					"$(inherited)",
				);
				GCC_WARN_64_TO_32_BIT_CONVERSION = YES;
				GCC_WARN_ABOUT_RETURN_TYPE = YES_ERROR;
				GCC_WARN_UNDECLARED_SELECTOR = YES;
				GCC_WARN_UNINITIALIZED_AUTOS = YES_AGGRESSIVE;
				GCC_WARN_UNUSED_FUNCTION = YES;
				GCC_WARN_UNUSED_VARIABLE = YES;
				IPHONEOS_DEPLOYMENT_TARGET = 17.5;
				LOCALIZATION_PREFERS_STRING_CATALOGS = YES;
				MTL_ENABLE_DEBUG_INFO = INCLUDE_SOURCE;
				MTL_FAST_MATH = YES;
				ONLY_ACTIVE_ARCH = YES;
				SDKROOT = iphoneos;
				SWIFT_ACTIVE_COMPILATION_CONDITIONS = "DEBUG $(inherited)";
				SWIFT_OPTIMIZATION_LEVEL = "-Onone";
			};
			name = Debug;
		};
		D70515AD2C45F2CD00AAFBC1 /* Release */ = {
			isa = XCBuildConfiguration;
			buildSettings = {
				ALWAYS_SEARCH_USER_PATHS = NO;
				ASSETCATALOG_COMPILER_GENERATE_SWIFT_ASSET_SYMBOL_EXTENSIONS = YES;
				CLANG_ANALYZER_NONNULL = YES;
				CLANG_ANALYZER_NUMBER_OBJECT_CONVERSION = YES_AGGRESSIVE;
				CLANG_CXX_LANGUAGE_STANDARD = "gnu++20";
				CLANG_ENABLE_MODULES = YES;
				CLANG_ENABLE_OBJC_ARC = YES;
				CLANG_ENABLE_OBJC_WEAK = YES;
				CLANG_WARN_BLOCK_CAPTURE_AUTORELEASING = YES;
				CLANG_WARN_BOOL_CONVERSION = YES;
				CLANG_WARN_COMMA = YES;
				CLANG_WARN_CONSTANT_CONVERSION = YES;
				CLANG_WARN_DEPRECATED_OBJC_IMPLEMENTATIONS = YES;
				CLANG_WARN_DIRECT_OBJC_ISA_USAGE = YES_ERROR;
				CLANG_WARN_DOCUMENTATION_COMMENTS = YES;
				CLANG_WARN_EMPTY_BODY = YES;
				CLANG_WARN_ENUM_CONVERSION = YES;
				CLANG_WARN_INFINITE_RECURSION = YES;
				CLANG_WARN_INT_CONVERSION = YES;
				CLANG_WARN_NON_LITERAL_NULL_CONVERSION = YES;
				CLANG_WARN_OBJC_IMPLICIT_RETAIN_SELF = YES;
				CLANG_WARN_OBJC_LITERAL_CONVERSION = YES;
				CLANG_WARN_OBJC_ROOT_CLASS = YES_ERROR;
				CLANG_WARN_QUOTED_INCLUDE_IN_FRAMEWORK_HEADER = YES;
				CLANG_WARN_RANGE_LOOP_ANALYSIS = YES;
				CLANG_WARN_STRICT_PROTOTYPES = YES;
				CLANG_WARN_SUSPICIOUS_MOVE = YES;
				CLANG_WARN_UNGUARDED_AVAILABILITY = YES_AGGRESSIVE;
				CLANG_WARN_UNREACHABLE_CODE = YES;
				CLANG_WARN__DUPLICATE_METHOD_MATCH = YES;
				COPY_PHASE_STRIP = NO;
				DEBUG_INFORMATION_FORMAT = "dwarf-with-dsym";
				ENABLE_NS_ASSERTIONS = NO;
				ENABLE_STRICT_OBJC_MSGSEND = YES;
				ENABLE_USER_SCRIPT_SANDBOXING = YES;
				GCC_C_LANGUAGE_STANDARD = gnu17;
				GCC_NO_COMMON_BLOCKS = YES;
				GCC_WARN_64_TO_32_BIT_CONVERSION = YES;
				GCC_WARN_ABOUT_RETURN_TYPE = YES_ERROR;
				GCC_WARN_UNDECLARED_SELECTOR = YES;
				GCC_WARN_UNINITIALIZED_AUTOS = YES_AGGRESSIVE;
				GCC_WARN_UNUSED_FUNCTION = YES;
				GCC_WARN_UNUSED_VARIABLE = YES;
				IPHONEOS_DEPLOYMENT_TARGET = 17.5;
				LOCALIZATION_PREFERS_STRING_CATALOGS = YES;
				MTL_ENABLE_DEBUG_INFO = NO;
				MTL_FAST_MATH = YES;
				SDKROOT = iphoneos;
				SWIFT_COMPILATION_MODE = wholemodule;
				VALIDATE_PRODUCT = YES;
			};
			name = Release;
		};
		D70515AF2C45F2CD00AAFBC1 /* Debug */ = {
			isa = XCBuildConfiguration;
			buildSettings = {
				ASSETCATALOG_COMPILER_APPICON_NAME = AppIcon;
				ASSETCATALOG_COMPILER_GLOBAL_ACCENT_COLOR_NAME = AccentColor;
				CODE_SIGN_STYLE = Automatic;
				CURRENT_PROJECT_VERSION = 1;
				DEVELOPMENT_ASSET_PATHS = "\"Tip Div/Preview Content\"";
				ENABLE_PREVIEWS = YES;
				GENERATE_INFOPLIST_FILE = YES;
				INFOPLIST_KEY_UIApplicationSceneManifest_Generation = YES;
				INFOPLIST_KEY_UIApplicationSupportsIndirectInputEvents = YES;
				INFOPLIST_KEY_UILaunchScreen_Generation = YES;
				INFOPLIST_KEY_UISupportedInterfaceOrientations_iPad = "UIInterfaceOrientationPortrait UIInterfaceOrientationPortraitUpsideDown UIInterfaceOrientationLandscapeLeft UIInterfaceOrientationLandscapeRight";
				INFOPLIST_KEY_UISupportedInterfaceOrientations_iPhone = "UIInterfaceOrientationPortrait UIInterfaceOrientationLandscapeLeft UIInterfaceOrientationLandscapeRight";
				LD_RUNPATH_SEARCH_PATHS = (
					"$(inherited)",
					"@executable_path/Frameworks",
				);
				MARKETING_VERSION = 1.0;
				PRODUCT_BUNDLE_IDENTIFIER = "com.Vu.Tip-Div";
				PRODUCT_NAME = "$(TARGET_NAME)";
				SWIFT_EMIT_LOC_STRINGS = YES;
				SWIFT_VERSION = 5.0;
				TARGETED_DEVICE_FAMILY = "1,2";
			};
			name = Debug;
		};
		D70515B02C45F2CD00AAFBC1 /* Release */ = {
			isa = XCBuildConfiguration;
			buildSettings = {
				ASSETCATALOG_COMPILER_APPICON_NAME = AppIcon;
				ASSETCATALOG_COMPILER_GLOBAL_ACCENT_COLOR_NAME = AccentColor;
				CODE_SIGN_STYLE = Automatic;
				CURRENT_PROJECT_VERSION = 1;
				DEVELOPMENT_ASSET_PATHS = "\"Tip Div/Preview Content\"";
				ENABLE_PREVIEWS = YES;
				GENERATE_INFOPLIST_FILE = YES;
				INFOPLIST_KEY_UIApplicationSceneManifest_Generation = YES;
				INFOPLIST_KEY_UIApplicationSupportsIndirectInputEvents = YES;
				INFOPLIST_KEY_UILaunchScreen_Generation = YES;
				INFOPLIST_KEY_UISupportedInterfaceOrientations_iPad = "UIInterfaceOrientationPortrait UIInterfaceOrientationPortraitUpsideDown UIInterfaceOrientationLandscapeLeft UIInterfaceOrientationLandscapeRight";
				INFOPLIST_KEY_UISupportedInterfaceOrientations_iPhone = "UIInterfaceOrientationPortrait UIInterfaceOrientationLandscapeLeft UIInterfaceOrientationLandscapeRight";
				LD_RUNPATH_SEARCH_PATHS = (
					"$(inherited)",
					"@executable_path/Frameworks",
				);
				MARKETING_VERSION = 1.0;
				PRODUCT_BUNDLE_IDENTIFIER = "com.Vu.Tip-Div";
				PRODUCT_NAME = "$(TARGET_NAME)";
				SWIFT_EMIT_LOC_STRINGS = YES;
				SWIFT_VERSION = 5.0;
				TARGETED_DEVICE_FAMILY = "1,2";
			};
			name = Release;
		};
/* End XCBuildConfiguration section */

/* Begin XCConfigurationList section */
		D705159B2C45F2CC00AAFBC1 /* Build configuration list for PBXProject "Tip Div" */ = {
			isa = XCConfigurationList;
			buildConfigurations = (
				D70515AC2C45F2CD00AAFBC1 /* Debug */,
				D70515AD2C45F2CD00AAFBC1 /* Release */,
			);
			defaultConfigurationIsVisible = 0;
			defaultConfigurationName = Release;
		};
		D70515AE2C45F2CD00AAFBC1 /* Build configuration list for PBXNativeTarget "Tip Div" */ = {
			isa = XCConfigurationList;
			buildConfigurations = (
				D70515AF2C45F2CD00AAFBC1 /* Debug */,
				D70515B02C45F2CD00AAFBC1 /* Release */,
			);
			defaultConfigurationIsVisible = 0;
			defaultConfigurationName = Release;
		};
/* End XCConfigurationList section */
	};
	rootObject = D70515982C45F2CC00AAFBC1 /* Project object */;
}
